
Microsoft Visual Studio Solution File, Format Version 11.00
# Visual Studio 2010
# SharpDevelop 5.1
Project("{FAE04EC0-301F-11D3-BF4B-00C04F79EFBC}") = "BancodeDados", "BancodeDados\BancodeDados.csproj", "{C49B3C39-ED29-4E38-A8FA-AE8E5AD58073}"
EndProject
Global
	GlobalSection(SolutionConfigurationPlatforms) = preSolution
		Debug|Any CPU = Debug|Any CPU
		Release|Any CPU = Release|Any CPU
	EndGlobalSection
	GlobalSection(ProjectConfigurationPlatforms) = postSolution
		{C49B3C39-ED29-4E38-A8FA-AE8E5AD58073}.Debug|Any CPU.ActiveCfg = Debug|Any CPU
		{C49B3C39-ED29-4E38-A8FA-AE8E5AD58073}.Debug|Any CPU.Build.0 = Debug|Any CPU
		{C49B3C39-ED29-4E38-A8FA-AE8E5AD58073}.Release|Any CPU.ActiveCfg = Release|Any CPU
		{C49B3C39-ED29-4E38-A8FA-AE8E5AD58073}.Release|Any CPU.Build.0 = Release|Any CPU
	EndGlobalSection
EndGlobal
